
Microsoft Visual Studio Solution File, Format Version 12.00
# Visual Studio Version 16
VisualStudioVersion = 16.0.31005.135
MinimumVisualStudioVersion = 10.0.40219.1
Project("{FAE04EC0-301F-11D3-BF4B-00C04F79EFBC}") = "it-lab-3-8", "it-lab-3-8.csproj", "{98A814AD-895B-4B2D-B4CC-F6CCBD020644}"
EndProject
Global
	GlobalSection(SolutionConfigurationPlatforms) = preSolution
		Debug|Any CPU = Debug|Any CPU
		Release|Any CPU = Release|Any CPU
	EndGlobalSection
	GlobalSection(ProjectConfigurationPlatforms) = postSolution
		{98A814AD-895B-4B2D-B4CC-F6CCBD020644}.Debug|Any CPU.ActiveCfg = Debug|Any CPU
		{98A814AD-895B-4B2D-B4CC-F6CCBD020644}.Debug|Any CPU.Build.0 = Debug|Any CPU
		{98A814AD-895B-4B2D-B4CC-F6CCBD020644}.Release|Any CPU.ActiveCfg = Release|Any CPU
		{98A814AD-895B-4B2D-B4CC-F6CCBD020644}.Release|Any CPU.Build.0 = Release|Any CPU
	EndGlobalSection
	GlobalSection(SolutionProperties) = preSolution
		HideSolutionNode = FALSE
	EndGlobalSection
	GlobalSection(ExtensibilityGlobals) = postSolution
		SolutionGuid = {69A8513D-C611-4FF1-BE6B-A64E3560F435}
	EndGlobalSection
EndGlobal
