
Microsoft Visual Studio Solution File, Format Version 12.00
# Visual Studio Version 16
VisualStudioVersion = 16.0.31005.135
MinimumVisualStudioVersion = 10.0.40219.1
Project("{FAE04EC0-301F-11D3-BF4B-00C04F79EFBC}") = "it-lab-5-12", "it-lab-5-12.csproj", "{F88C28D4-9F35-4492-BA9B-92C6D4EC0F3A}"
EndProject
Global
	GlobalSection(SolutionConfigurationPlatforms) = preSolution
		Debug|Any CPU = Debug|Any CPU
		Release|Any CPU = Release|Any CPU
	EndGlobalSection
	GlobalSection(ProjectConfigurationPlatforms) = postSolution
		{F88C28D4-9F35-4492-BA9B-92C6D4EC0F3A}.Debug|Any CPU.ActiveCfg = Debug|Any CPU
		{F88C28D4-9F35-4492-BA9B-92C6D4EC0F3A}.Debug|Any CPU.Build.0 = Debug|Any CPU
		{F88C28D4-9F35-4492-BA9B-92C6D4EC0F3A}.Release|Any CPU.ActiveCfg = Release|Any CPU
		{F88C28D4-9F35-4492-BA9B-92C6D4EC0F3A}.Release|Any CPU.Build.0 = Release|Any CPU
	EndGlobalSection
	GlobalSection(SolutionProperties) = preSolution
		HideSolutionNode = FALSE
	EndGlobalSection
	GlobalSection(ExtensibilityGlobals) = postSolution
		SolutionGuid = {12E325CF-06A6-4980-B653-8AF80E2D4F89}
	EndGlobalSection
EndGlobal
