
Microsoft Visual Studio Solution File, Format Version 12.00
# Visual Studio Version 16
VisualStudioVersion = 16.0.31005.135
MinimumVisualStudioVersion = 10.0.40219.1
Project("{FAE04EC0-301F-11D3-BF4B-00C04F79EFBC}") = "it-lab-1-10", "it-lab-1-10.csproj", "{126AD0E1-3BB8-444A-82B9-8A454497FE89}"
EndProject
Global
	GlobalSection(SolutionConfigurationPlatforms) = preSolution
		Debug|Any CPU = Debug|Any CPU
		Release|Any CPU = Release|Any CPU
	EndGlobalSection
	GlobalSection(ProjectConfigurationPlatforms) = postSolution
		{126AD0E1-3BB8-444A-82B9-8A454497FE89}.Debug|Any CPU.ActiveCfg = Debug|Any CPU
		{126AD0E1-3BB8-444A-82B9-8A454497FE89}.Debug|Any CPU.Build.0 = Debug|Any CPU
		{126AD0E1-3BB8-444A-82B9-8A454497FE89}.Release|Any CPU.ActiveCfg = Release|Any CPU
		{126AD0E1-3BB8-444A-82B9-8A454497FE89}.Release|Any CPU.Build.0 = Release|Any CPU
	EndGlobalSection
	GlobalSection(SolutionProperties) = preSolution
		HideSolutionNode = FALSE
	EndGlobalSection
	GlobalSection(ExtensibilityGlobals) = postSolution
		SolutionGuid = {B37A0A1A-1B5B-41E9-9AA1-EF0CED3D460B}
	EndGlobalSection
EndGlobal
