
Microsoft Visual Studio Solution File, Format Version 12.00
# Visual Studio Version 16
VisualStudioVersion = 16.0.31005.135
MinimumVisualStudioVersion = 10.0.40219.1
Project("{FAE04EC0-301F-11D3-BF4B-00C04F79EFBC}") = "it-lab-4-8", "it-lab-4-8.csproj", "{8463FFBD-028C-4DAF-BED1-2BD054241BBC}"
EndProject
Global
	GlobalSection(SolutionConfigurationPlatforms) = preSolution
		Debug|Any CPU = Debug|Any CPU
		Release|Any CPU = Release|Any CPU
	EndGlobalSection
	GlobalSection(ProjectConfigurationPlatforms) = postSolution
		{8463FFBD-028C-4DAF-BED1-2BD054241BBC}.Debug|Any CPU.ActiveCfg = Debug|Any CPU
		{8463FFBD-028C-4DAF-BED1-2BD054241BBC}.Debug|Any CPU.Build.0 = Debug|Any CPU
		{8463FFBD-028C-4DAF-BED1-2BD054241BBC}.Release|Any CPU.ActiveCfg = Release|Any CPU
		{8463FFBD-028C-4DAF-BED1-2BD054241BBC}.Release|Any CPU.Build.0 = Release|Any CPU
	EndGlobalSection
	GlobalSection(SolutionProperties) = preSolution
		HideSolutionNode = FALSE
	EndGlobalSection
	GlobalSection(ExtensibilityGlobals) = postSolution
		SolutionGuid = {AB01E83A-3B23-4F74-993E-7D68A1FB0AB8}
	EndGlobalSection
EndGlobal
