
Microsoft Visual Studio Solution File, Format Version 12.00
# Visual Studio Version 16
VisualStudioVersion = 16.0.31005.135
MinimumVisualStudioVersion = 10.0.40219.1
Project("{FAE04EC0-301F-11D3-BF4B-00C04F79EFBC}") = "it-lab-1-5", "it-lab-1-5.csproj", "{7999031F-C045-4F85-B382-7301C1F77661}"
EndProject
Global
	GlobalSection(SolutionConfigurationPlatforms) = preSolution
		Debug|Any CPU = Debug|Any CPU
		Release|Any CPU = Release|Any CPU
	EndGlobalSection
	GlobalSection(ProjectConfigurationPlatforms) = postSolution
		{7999031F-C045-4F85-B382-7301C1F77661}.Debug|Any CPU.ActiveCfg = Debug|Any CPU
		{7999031F-C045-4F85-B382-7301C1F77661}.Debug|Any CPU.Build.0 = Debug|Any CPU
		{7999031F-C045-4F85-B382-7301C1F77661}.Release|Any CPU.ActiveCfg = Release|Any CPU
		{7999031F-C045-4F85-B382-7301C1F77661}.Release|Any CPU.Build.0 = Release|Any CPU
	EndGlobalSection
	GlobalSection(SolutionProperties) = preSolution
		HideSolutionNode = FALSE
	EndGlobalSection
	GlobalSection(ExtensibilityGlobals) = postSolution
		SolutionGuid = {2B8AEA11-9DF2-4C0F-A9B4-763BE2624CA4}
	EndGlobalSection
EndGlobal
